
Microsoft Visual Studio Solution File, Format Version 12.00
# Visual Studio Version 17
VisualStudioVersion = 17.4.33213.308
MinimumVisualStudioVersion = 10.0.40219.1
Project("{FAE04EC0-301F-11D3-BF4B-00C04F79EFBC}") = "Schere_Stein_Papier", "Schere_Stein_Papier\Schere_Stein_Papier.csproj", "{8672C9D0-0840-4733-902B-4C9EEF3FF338}"
EndProject
Global
	GlobalSection(SolutionConfigurationPlatforms) = preSolution
		Debug|Any CPU = Debug|Any CPU
		Release|Any CPU = Release|Any CPU
	EndGlobalSection
	GlobalSection(ProjectConfigurationPlatforms) = postSolution
		{8672C9D0-0840-4733-902B-4C9EEF3FF338}.Debug|Any CPU.ActiveCfg = Debug|Any CPU
		{8672C9D0-0840-4733-902B-4C9EEF3FF338}.Debug|Any CPU.Build.0 = Debug|Any CPU
		{8672C9D0-0840-4733-902B-4C9EEF3FF338}.Release|Any CPU.ActiveCfg = Release|Any CPU
		{8672C9D0-0840-4733-902B-4C9EEF3FF338}.Release|Any CPU.Build.0 = Release|Any CPU
	EndGlobalSection
	GlobalSection(SolutionProperties) = preSolution
		HideSolutionNode = FALSE
	EndGlobalSection
	GlobalSection(ExtensibilityGlobals) = postSolution
		SolutionGuid = {DF73C7CE-F050-49A7-8971-6C062D609465}
	EndGlobalSection
EndGlobal
